// !$*UTF8*$!
{
	archiveVersion = 1;
	classes = {
	};
	objectVersion = 50;
	objects = {

/* Begin PBXBuildFile section */
		37C7BEDBE223357B7E802C94 /* Pods_TravelApp.framework in Frameworks */ = {isa = PBXBuildFile; fileRef = EA22F6F839F73932A43A28CF /* Pods_TravelApp.framework */; };
		C0075FF12099C45C000F885F /* User.swift in Sources */ = {isa = PBXBuildFile; fileRef = C0075FF02099C45C000F885F /* User.swift */; };
		C013F7652092D36B001A9956 /* AppDelegate.swift in Sources */ = {isa = PBXBuildFile; fileRef = C013F7642092D36B001A9956 /* AppDelegate.swift */; };
		C013F76A2092D36B001A9956 /* Main.storyboard in Resources */ = {isa = PBXBuildFile; fileRef = C013F7682092D36B001A9956 /* Main.storyboard */; };
		C013F76D2092D36B001A9956 /* TravelApp.xcdatamodeld in Sources */ = {isa = PBXBuildFile; fileRef = C013F76B2092D36B001A9956 /* TravelApp.xcdatamodeld */; };
		C013F76F2092D36C001A9956 /* Assets.xcassets in Resources */ = {isa = PBXBuildFile; fileRef = C013F76E2092D36C001A9956 /* Assets.xcassets */; };
		C013F7722092D36C001A9956 /* LaunchScreen.storyboard in Resources */ = {isa = PBXBuildFile; fileRef = C013F7702092D36C001A9956 /* LaunchScreen.storyboard */; };
		C013F77B2092D383001A9956 /* MapKit.framework in Frameworks */ = {isa = PBXBuildFile; fileRef = C013F77A2092D383001A9956 /* MapKit.framework */; };
		C013F77E2092D7A7001A9956 /* LoginViewController.swift in Sources */ = {isa = PBXBuildFile; fileRef = C013F77D2092D7A7001A9956 /* LoginViewController.swift */; };
		C021F81520A4689300B0AC6D /* Router.swift in Sources */ = {isa = PBXBuildFile; fileRef = C021F81420A4689300B0AC6D /* Router.swift */; };
		C03C00DB209F13B000C56018 /* Hotel.swift in Sources */ = {isa = PBXBuildFile; fileRef = C03C00DA209F13B000C56018 /* Hotel.swift */; };
		C03C00DD209F155B00C56018 /* Item.swift in Sources */ = {isa = PBXBuildFile; fileRef = C03C00DC209F155B00C56018 /* Item.swift */; };
		C03C2C402095768F000C0774 /* AccountPopoverViewController.swift in Sources */ = {isa = PBXBuildFile; fileRef = C03C2C3F2095768F000C0774 /* AccountPopoverViewController.swift */; };
		C042739720AE8D6300B566B7 /* AttractionDetailViewController.swift in Sources */ = {isa = PBXBuildFile; fileRef = C042739620AE8D6300B566B7 /* AttractionDetailViewController.swift */; };
		C042739920AE8F2E00B566B7 /* AttractionDetailTableViewCell.swift in Sources */ = {isa = PBXBuildFile; fileRef = C042739820AE8F2E00B566B7 /* AttractionDetailTableViewCell.swift */; };
		C05F2E2120A2171200BC687D /* ForecastTableViewCell.swift in Sources */ = {isa = PBXBuildFile; fileRef = C05F2E2020A2171200BC687D /* ForecastTableViewCell.swift */; };
		C064AD6D20A14737005C7489 /* RatingControl.swift in Sources */ = {isa = PBXBuildFile; fileRef = C064AD6C20A14737005C7489 /* RatingControl.swift */; };
		C064AD6F20A149CE005C7489 /* RatingViewController.swift in Sources */ = {isa = PBXBuildFile; fileRef = C064AD6E20A149CE005C7489 /* RatingViewController.swift */; };
		C07190CD209B79A9005FECFC /* ForecastViewController.swift in Sources */ = {isa = PBXBuildFile; fileRef = C07190CC209B79A9005FECFC /* ForecastViewController.swift */; };
		C07C44E820948491007F9AA4 /* SignUpViewController.swift in Sources */ = {isa = PBXBuildFile; fileRef = C07C44E720948491007F9AA4 /* SignUpViewController.swift */; };
		C07CC893209CF0740018E647 /* RunFirst.swift in Sources */ = {isa = PBXBuildFile; fileRef = C07CC892209CF0740018E647 /* RunFirst.swift */; };
		C09DC1FF209342E6001C441D /* APIConnect.swift in Sources */ = {isa = PBXBuildFile; fileRef = C09DC1FE209342E6001C441D /* APIConnect.swift */; };
		C0C0606B209A53E300EF8A69 /* MainVC.swift in Sources */ = {isa = PBXBuildFile; fileRef = C0C0606A209A53E300EF8A69 /* MainVC.swift */; };
		C0C108E420A0B6F100D65D99 /* HotelDetailViewController.swift in Sources */ = {isa = PBXBuildFile; fileRef = C0C108E320A0B6F100D65D99 /* HotelDetailViewController.swift */; };
		C0CBA13420A09F4F00CE8927 /* HotelDetailTableViewCell.swift in Sources */ = {isa = PBXBuildFile; fileRef = C0CBA13320A09F4F00CE8927 /* HotelDetailTableViewCell.swift */; };
		C0CBA13620A0A25E00CE8927 /* HotelTableViewController.swift in Sources */ = {isa = PBXBuildFile; fileRef = C0CBA13520A0A25E00CE8927 /* HotelTableViewController.swift */; };
		C0D99B2120A194340028D0E7 /* Constant.swift in Sources */ = {isa = PBXBuildFile; fileRef = C0D99B2020A194340028D0E7 /* Constant.swift */; };
		C0F1537D20ADBA0600E62A0B /* TabBarController.swift in Sources */ = {isa = PBXBuildFile; fileRef = C0F1537C20ADBA0600E62A0B /* TabBarController.swift */; };
		C0F1537F20ADE32000E62A0B /* AttractionTableViewController.swift in Sources */ = {isa = PBXBuildFile; fileRef = C0F1537E20ADE32000E62A0B /* AttractionTableViewController.swift */; };
		C0F1538120ADE34200E62A0B /* Attraction.swift in Sources */ = {isa = PBXBuildFile; fileRef = C0F1538020ADE34200E62A0B /* Attraction.swift */; };
		C0F1538320ADEF6400E62A0B /* AttractionTableViewCell.swift in Sources */ = {isa = PBXBuildFile; fileRef = C0F1538220ADEF6400E62A0B /* AttractionTableViewCell.swift */; };
		C0F38EFD20A1BE08007265C9 /* CitySelectionTableViewController.swift in Sources */ = {isa = PBXBuildFile; fileRef = C0F38EFC20A1BE08007265C9 /* CitySelectionTableViewController.swift */; };
		C0FC23DF209EBD3A005633E4 /* HotelTableViewCell.swift in Sources */ = {isa = PBXBuildFile; fileRef = C0FC23DE209EBD3A005633E4 /* HotelTableViewCell.swift */; };
/* End PBXBuildFile section */

/* Begin PBXFileReference section */
		20250D11481E05A5FC6D59C5 /* Pods-TravelApp.debug.xcconfig */ = {isa = PBXFileReference; includeInIndex = 1; lastKnownFileType = text.xcconfig; name = "Pods-TravelApp.debug.xcconfig"; path = "Pods/Target Support Files/Pods-TravelApp/Pods-TravelApp.debug.xcconfig"; sourceTree = "<group>"; };
		65BEB6BBC901E94E539CF356 /* Pods-TravelApp.release.xcconfig */ = {isa = PBXFileReference; includeInIndex = 1; lastKnownFileType = text.xcconfig; name = "Pods-TravelApp.release.xcconfig"; path = "Pods/Target Support Files/Pods-TravelApp/Pods-TravelApp.release.xcconfig"; sourceTree = "<group>"; };
		C0075FF02099C45C000F885F /* User.swift */ = {isa = PBXFileReference; lastKnownFileType = sourcecode.swift; path = User.swift; sourceTree = "<group>"; };
		C013F7612092D36B001A9956 /* TravelApp.app */ = {isa = PBXFileReference; explicitFileType = wrapper.application; includeInIndex = 0; path = TravelApp.app; sourceTree = BUILT_PRODUCTS_DIR; };
		C013F7642092D36B001A9956 /* AppDelegate.swift */ = {isa = PBXFileReference; lastKnownFileType = sourcecode.swift; path = AppDelegate.swift; sourceTree = "<group>"; };
		C013F7692092D36B001A9956 /* Base */ = {isa = PBXFileReference; lastKnownFileType = file.storyboard; name = Base; path = Base.lproj/Main.storyboard; sourceTree = "<group>"; };
		C013F76C2092D36B001A9956 /* TravelApp.xcdatamodel */ = {isa = PBXFileReference; lastKnownFileType = wrapper.xcdatamodel; path = TravelApp.xcdatamodel; sourceTree = "<group>"; };
		C013F76E2092D36C001A9956 /* Assets.xcassets */ = {isa = PBXFileReference; lastKnownFileType = folder.assetcatalog; path = Assets.xcassets; sourceTree = "<group>"; };
		C013F7712092D36C001A9956 /* Base */ = {isa = PBXFileReference; lastKnownFileType = file.storyboard; name = Base; path = Base.lproj/LaunchScreen.storyboard; sourceTree = "<group>"; };
		C013F7732092D36C001A9956 /* Info.plist */ = {isa = PBXFileReference; lastKnownFileType = text.plist.xml; path = Info.plist; sourceTree = "<group>"; };
		C013F77A2092D383001A9956 /* MapKit.framework */ = {isa = PBXFileReference; lastKnownFileType = wrapper.framework; name = MapKit.framework; path = System/Library/Frameworks/MapKit.framework; sourceTree = SDKROOT; };
		C013F77D2092D7A7001A9956 /* LoginViewController.swift */ = {isa = PBXFileReference; lastKnownFileType = sourcecode.swift; path = LoginViewController.swift; sourceTree = "<group>"; };
		C021F81420A4689300B0AC6D /* Router.swift */ = {isa = PBXFileReference; lastKnownFileType = sourcecode.swift; path = Router.swift; sourceTree = "<group>"; };
		C03C00DA209F13B000C56018 /* Hotel.swift */ = {isa = PBXFileReference; lastKnownFileType = sourcecode.swift; path = Hotel.swift; sourceTree = "<group>"; };
		C03C00DC209F155B00C56018 /* Item.swift */ = {isa = PBXFileReference; lastKnownFileType = sourcecode.swift; path = Item.swift; sourceTree = "<group>"; };
		C03C2C3F2095768F000C0774 /* AccountPopoverViewController.swift */ = {isa = PBXFileReference; lastKnownFileType = sourcecode.swift; path = AccountPopoverViewController.swift; sourceTree = "<group>"; };
		C042739620AE8D6300B566B7 /* AttractionDetailViewController.swift */ = {isa = PBXFileReference; lastKnownFileType = sourcecode.swift; path = AttractionDetailViewController.swift; sourceTree = "<group>"; };
		C042739820AE8F2E00B566B7 /* AttractionDetailTableViewCell.swift */ = {isa = PBXFileReference; lastKnownFileType = sourcecode.swift; path = AttractionDetailTableViewCell.swift; sourceTree = "<group>"; };
		C05F2E2020A2171200BC687D /* ForecastTableViewCell.swift */ = {isa = PBXFileReference; lastKnownFileType = sourcecode.swift; path = ForecastTableViewCell.swift; sourceTree = "<group>"; };
		C064AD6C20A14737005C7489 /* RatingControl.swift */ = {isa = PBXFileReference; lastKnownFileType = sourcecode.swift; path = RatingControl.swift; sourceTree = "<group>"; };
		C064AD6E20A149CE005C7489 /* RatingViewController.swift */ = {isa = PBXFileReference; lastKnownFileType = sourcecode.swift; path = RatingViewController.swift; sourceTree = "<group>"; };
		C07190CC209B79A9005FECFC /* ForecastViewController.swift */ = {isa = PBXFileReference; lastKnownFileType = sourcecode.swift; path = ForecastViewController.swift; sourceTree = "<group>"; };
		C07C44E720948491007F9AA4 /* SignUpViewController.swift */ = {isa = PBXFileReference; lastKnownFileType = sourcecode.swift; path = SignUpViewController.swift; sourceTree = "<group>"; };
		C07CC892209CF0740018E647 /* RunFirst.swift */ = {isa = PBXFileReference; lastKnownFileType = sourcecode.swift; path = RunFirst.swift; sourceTree = "<group>"; };
		C09DC1FE209342E6001C441D /* APIConnect.swift */ = {isa = PBXFileReference; lastKnownFileType = sourcecode.swift; path = APIConnect.swift; sourceTree = "<group>"; };
		C0C0606A209A53E300EF8A69 /* MainVC.swift */ = {isa = PBXFileReference; lastKnownFileType = sourcecode.swift; path = MainVC.swift; sourceTree = "<group>"; };
		C0C108E320A0B6F100D65D99 /* HotelDetailViewController.swift */ = {isa = PBXFileReference; lastKnownFileType = sourcecode.swift; path = HotelDetailViewController.swift; sourceTree = "<group>"; };
		C0CBA13320A09F4F00CE8927 /* HotelDetailTableViewCell.swift */ = {isa = PBXFileReference; lastKnownFileType = sourcecode.swift; path = HotelDetailTableViewCell.swift; sourceTree = "<group>"; };
		C0CBA13520A0A25E00CE8927 /* HotelTableViewController.swift */ = {isa = PBXFileReference; lastKnownFileType = sourcecode.swift; path = HotelTableViewController.swift; sourceTree = "<group>"; };
		C0D99B2020A194340028D0E7 /* Constant.swift */ = {isa = PBXFileReference; lastKnownFileType = sourcecode.swift; path = Constant.swift; sourceTree = "<group>"; };
		C0F1537C20ADBA0600E62A0B /* TabBarController.swift */ = {isa = PBXFileReference; lastKnownFileType = sourcecode.swift; path = TabBarController.swift; sourceTree = "<group>"; };
		C0F1537E20ADE32000E62A0B /* AttractionTableViewController.swift */ = {isa = PBXFileReference; lastKnownFileType = sourcecode.swift; path = AttractionTableViewController.swift; sourceTree = "<group>"; };
		C0F1538020ADE34200E62A0B /* Attraction.swift */ = {isa = PBXFileReference; lastKnownFileType = sourcecode.swift; path = Attraction.swift; sourceTree = "<group>"; };
		C0F1538220ADEF6400E62A0B /* AttractionTableViewCell.swift */ = {isa = PBXFileReference; lastKnownFileType = sourcecode.swift; path = AttractionTableViewCell.swift; sourceTree = "<group>"; };
		C0F38EFC20A1BE08007265C9 /* CitySelectionTableViewController.swift */ = {isa = PBXFileReference; lastKnownFileType = sourcecode.swift; path = CitySelectionTableViewController.swift; sourceTree = "<group>"; };
		C0FC23DE209EBD3A005633E4 /* HotelTableViewCell.swift */ = {isa = PBXFileReference; lastKnownFileType = sourcecode.swift; path = HotelTableViewCell.swift; sourceTree = "<group>"; };
		EA22F6F839F73932A43A28CF /* Pods_TravelApp.framework */ = {isa = PBXFileReference; explicitFileType = wrapper.framework; includeInIndex = 0; path = Pods_TravelApp.framework; sourceTree = BUILT_PRODUCTS_DIR; };
/* End PBXFileReference section */

/* Begin PBXFrameworksBuildPhase section */
		C013F75E2092D36B001A9956 /* Frameworks */ = {
			isa = PBXFrameworksBuildPhase;
			buildActionMask = 2147483647;
			files = (
				C013F77B2092D383001A9956 /* MapKit.framework in Frameworks */,
				37C7BEDBE223357B7E802C94 /* Pods_TravelApp.framework in Frameworks */,
			);
			runOnlyForDeploymentPostprocessing = 0;
		};
/* End PBXFrameworksBuildPhase section */

/* Begin PBXGroup section */
		4B99ACF754B218A3A3733804 /* Pods */ = {
			isa = PBXGroup;
			children = (
				20250D11481E05A5FC6D59C5 /* Pods-TravelApp.debug.xcconfig */,
				65BEB6BBC901E94E539CF356 /* Pods-TravelApp.release.xcconfig */,
			);
			name = Pods;
			sourceTree = "<group>";
		};
		C0075FEF2099C450000F885F /* Model */ = {
			isa = PBXGroup;
			children = (
				C0075FF02099C45C000F885F /* User.swift */,
				C03C00DA209F13B000C56018 /* Hotel.swift */,
				C03C00DC209F155B00C56018 /* Item.swift */,
				C0F1538020ADE34200E62A0B /* Attraction.swift */,
			);
			path = Model;
			sourceTree = "<group>";
		};
		C013F7582092D36B001A9956 = {
			isa = PBXGroup;
			children = (
				C013F7632092D36B001A9956 /* TravelApp */,
				C013F7622092D36B001A9956 /* Products */,
				C013F7792092D383001A9956 /* Frameworks */,
				4B99ACF754B218A3A3733804 /* Pods */,
			);
			sourceTree = "<group>";
		};
		C013F7622092D36B001A9956 /* Products */ = {
			isa = PBXGroup;
			children = (
				C013F7612092D36B001A9956 /* TravelApp.app */,
			);
			name = Products;
			sourceTree = "<group>";
		};
		C013F7632092D36B001A9956 /* TravelApp */ = {
			isa = PBXGroup;
			children = (
				C0FC23DD209EBD26005633E4 /* View */,
				C07CC891209CF0630018E647 /* Resources */,
				C0075FEF2099C450000F885F /* Model */,
				C013F77C2092D798001A9956 /* Controller */,
				C013F7642092D36B001A9956 /* AppDelegate.swift */,
				C013F7682092D36B001A9956 /* Main.storyboard */,
				C013F76E2092D36C001A9956 /* Assets.xcassets */,
				C013F7702092D36C001A9956 /* LaunchScreen.storyboard */,
				C013F7732092D36C001A9956 /* Info.plist */,
				C013F76B2092D36B001A9956 /* TravelApp.xcdatamodeld */,
			);
			path = TravelApp;
			sourceTree = "<group>";
		};
		C013F7792092D383001A9956 /* Frameworks */ = {
			isa = PBXGroup;
			children = (
				C013F77A2092D383001A9956 /* MapKit.framework */,
				EA22F6F839F73932A43A28CF /* Pods_TravelApp.framework */,
			);
			name = Frameworks;
			sourceTree = "<group>";
		};
		C013F77C2092D798001A9956 /* Controller */ = {
			isa = PBXGroup;
			children = (
				C013F77D2092D7A7001A9956 /* LoginViewController.swift */,
				C07C44E720948491007F9AA4 /* SignUpViewController.swift */,
				C03C2C3F2095768F000C0774 /* AccountPopoverViewController.swift */,
				C0C0606A209A53E300EF8A69 /* MainVC.swift */,
				C07190CC209B79A9005FECFC /* ForecastViewController.swift */,
				C0CBA13520A0A25E00CE8927 /* HotelTableViewController.swift */,
				C0C108E320A0B6F100D65D99 /* HotelDetailViewController.swift */,
				C064AD6E20A149CE005C7489 /* RatingViewController.swift */,
				C0F38EFC20A1BE08007265C9 /* CitySelectionTableViewController.swift */,
				C0F1537C20ADBA0600E62A0B /* TabBarController.swift */,
				C0F1537E20ADE32000E62A0B /* AttractionTableViewController.swift */,
				C042739620AE8D6300B566B7 /* AttractionDetailViewController.swift */,
			);
			path = Controller;
			sourceTree = "<group>";
		};
		C07CC891209CF0630018E647 /* Resources */ = {
			isa = PBXGroup;
			children = (
				C09DC1FE209342E6001C441D /* APIConnect.swift */,
				C07CC892209CF0740018E647 /* RunFirst.swift */,
				C0D99B2020A194340028D0E7 /* Constant.swift */,
				C021F81420A4689300B0AC6D /* Router.swift */,
			);
			path = Resources;
			sourceTree = "<group>";
		};
		C0FC23DD209EBD26005633E4 /* View */ = {
			isa = PBXGroup;
			children = (
				C064AD6C20A14737005C7489 /* RatingControl.swift */,
				C0FC23DE209EBD3A005633E4 /* HotelTableViewCell.swift */,
				C0CBA13320A09F4F00CE8927 /* HotelDetailTableViewCell.swift */,
				C05F2E2020A2171200BC687D /* ForecastTableViewCell.swift */,
				C0F1538220ADEF6400E62A0B /* AttractionTableViewCell.swift */,
				C042739820AE8F2E00B566B7 /* AttractionDetailTableViewCell.swift */,
			);
			path = View;
			sourceTree = "<group>";
		};
/* End PBXGroup section */

/* Begin PBXNativeTarget section */
		C013F7602092D36B001A9956 /* TravelApp */ = {
			isa = PBXNativeTarget;
			buildConfigurationList = C013F7762092D36C001A9956 /* Build configuration list for PBXNativeTarget "TravelApp" */;
			buildPhases = (
				6D8A70E2D35F045A572E9CD5 /* [CP] Check Pods Manifest.lock */,
				C013F75D2092D36B001A9956 /* Sources */,
				C013F75E2092D36B001A9956 /* Frameworks */,
				C013F75F2092D36B001A9956 /* Resources */,
				BB5C53A77C4BC5AEEE38DFB1 /* [CP] Embed Pods Frameworks */,
			);
			buildRules = (
			);
			dependencies = (
			);
			name = TravelApp;
			productName = TravelApp;
			productReference = C013F7612092D36B001A9956 /* TravelApp.app */;
			productType = "com.apple.product-type.application";
		};
/* End PBXNativeTarget section */

/* Begin PBXProject section */
		C013F7592092D36B001A9956 /* Project object */ = {
			isa = PBXProject;
			attributes = {
				LastSwiftUpdateCheck = 0930;
				LastUpgradeCheck = 0930;
				ORGANIZATIONNAME = "Thanh Doi";
				TargetAttributes = {
					C013F7602092D36B001A9956 = {
						CreatedOnToolsVersion = 9.3;
						SystemCapabilities = {
							com.apple.BackgroundModes = {
								enabled = 1;
							};
							com.apple.Maps.iOS = {
								enabled = 1;
							};
						};
					};
				};
			};
			buildConfigurationList = C013F75C2092D36B001A9956 /* Build configuration list for PBXProject "TravelApp" */;
			compatibilityVersion = "Xcode 9.3";
			developmentRegion = en;
			hasScannedForEncodings = 0;
			knownRegions = (
				en,
				Base,
			);
			mainGroup = C013F7582092D36B001A9956;
			productRefGroup = C013F7622092D36B001A9956 /* Products */;
			projectDirPath = "";
			projectRoot = "";
			targets = (
				C013F7602092D36B001A9956 /* TravelApp */,
			);
		};
/* End PBXProject section */

/* Begin PBXResourcesBuildPhase section */
		C013F75F2092D36B001A9956 /* Resources */ = {
			isa = PBXResourcesBuildPhase;
			buildActionMask = 2147483647;
			files = (
				C013F7722092D36C001A9956 /* LaunchScreen.storyboard in Resources */,
				C013F76F2092D36C001A9956 /* Assets.xcassets in Resources */,
				C013F76A2092D36B001A9956 /* Main.storyboard in Resources */,
			);
			runOnlyForDeploymentPostprocessing = 0;
		};
/* End PBXResourcesBuildPhase section */

/* Begin PBXShellScriptBuildPhase section */
		6D8A70E2D35F045A572E9CD5 /* [CP] Check Pods Manifest.lock */ = {
			isa = PBXShellScriptBuildPhase;
			buildActionMask = 2147483647;
			files = (
			);
			inputPaths = (
				"${PODS_PODFILE_DIR_PATH}/Podfile.lock",
				"${PODS_ROOT}/Manifest.lock",
			);
			name = "[CP] Check Pods Manifest.lock";
			outputPaths = (
				"$(DERIVED_FILE_DIR)/Pods-TravelApp-checkManifestLockResult.txt",
			);
			runOnlyForDeploymentPostprocessing = 0;
			shellPath = /bin/sh;
			shellScript = "diff \"${PODS_PODFILE_DIR_PATH}/Podfile.lock\" \"${PODS_ROOT}/Manifest.lock\" > /dev/null\nif [ $? != 0 ] ; then\n    # print error to STDERR\n    echo \"error: The sandbox is not in sync with the Podfile.lock. Run 'pod install' or update your CocoaPods installation.\" >&2\n    exit 1\nfi\n# This output is used by Xcode 'outputs' to avoid re-running this script phase.\necho \"SUCCESS\" > \"${SCRIPT_OUTPUT_FILE_0}\"\n";
			showEnvVarsInLog = 0;
		};
		BB5C53A77C4BC5AEEE38DFB1 /* [CP] Embed Pods Frameworks */ = {
			isa = PBXShellScriptBuildPhase;
			buildActionMask = 2147483647;
			files = (
			);
			inputPaths = (
				"${SRCROOT}/Pods/Target Support Files/Pods-TravelApp/Pods-TravelApp-frameworks.sh",
				"${BUILT_PRODUCTS_DIR}/Alamofire/Alamofire.framework",
				"${BUILT_PRODUCTS_DIR}/AlamofireImage/AlamofireImage.framework",
				"${BUILT_PRODUCTS_DIR}/ForecastIO/ForecastIO.framework",
				"${BUILT_PRODUCTS_DIR}/SwiftyJSON/SwiftyJSON.framework",
			);
			name = "[CP] Embed Pods Frameworks";
			outputPaths = (
				"${TARGET_BUILD_DIR}/${FRAMEWORKS_FOLDER_PATH}/Alamofire.framework",
				"${TARGET_BUILD_DIR}/${FRAMEWORKS_FOLDER_PATH}/AlamofireImage.framework",
				"${TARGET_BUILD_DIR}/${FRAMEWORKS_FOLDER_PATH}/ForecastIO.framework",
				"${TARGET_BUILD_DIR}/${FRAMEWORKS_FOLDER_PATH}/SwiftyJSON.framework",
			);
			runOnlyForDeploymentPostprocessing = 0;
			shellPath = /bin/sh;
			shellScript = "\"${SRCROOT}/Pods/Target Support Files/Pods-TravelApp/Pods-TravelApp-frameworks.sh\"\n";
			showEnvVarsInLog = 0;
		};
/* End PBXShellScriptBuildPhase section */

/* Begin PBXSourcesBuildPhase section */
		C013F75D2092D36B001A9956 /* Sources */ = {
			isa = PBXSourcesBuildPhase;
			buildActionMask = 2147483647;
			files = (
				C021F81520A4689300B0AC6D /* Router.swift in Sources */,
				C0C0606B209A53E300EF8A69 /* MainVC.swift in Sources */,
				C0F1538120ADE34200E62A0B /* Attraction.swift in Sources */,
				C0C108E420A0B6F100D65D99 /* HotelDetailViewController.swift in Sources */,
				C0F1538320ADEF6400E62A0B /* AttractionTableViewCell.swift in Sources */,
				C042739720AE8D6300B566B7 /* AttractionDetailViewController.swift in Sources */,
				C07C44E820948491007F9AA4 /* SignUpViewController.swift in Sources */,
				C0FC23DF209EBD3A005633E4 /* HotelTableViewCell.swift in Sources */,
				C0F1537D20ADBA0600E62A0B /* TabBarController.swift in Sources */,
				C09DC1FF209342E6001C441D /* APIConnect.swift in Sources */,
				C013F77E2092D7A7001A9956 /* LoginViewController.swift in Sources */,
				C03C00DB209F13B000C56018 /* Hotel.swift in Sources */,
				C07CC893209CF0740018E647 /* RunFirst.swift in Sources */,
				C0D99B2120A194340028D0E7 /* Constant.swift in Sources */,
				C013F7652092D36B001A9956 /* AppDelegate.swift in Sources */,
				C03C00DD209F155B00C56018 /* Item.swift in Sources */,
				C0F38EFD20A1BE08007265C9 /* CitySelectionTableViewController.swift in Sources */,
				C042739920AE8F2E00B566B7 /* AttractionDetailTableViewCell.swift in Sources */,
				C0CBA13620A0A25E00CE8927 /* HotelTableViewController.swift in Sources */,
				C0075FF12099C45C000F885F /* User.swift in Sources */,
				C0CBA13420A09F4F00CE8927 /* HotelDetailTableViewCell.swift in Sources */,
				C013F76D2092D36B001A9956 /* TravelApp.xcdatamodeld in Sources */,
				C03C2C402095768F000C0774 /* AccountPopoverViewController.swift in Sources */,
				C064AD6F20A149CE005C7489 /* RatingViewController.swift in Sources */,
				C05F2E2120A2171200BC687D /* ForecastTableViewCell.swift in Sources */,
				C07190CD209B79A9005FECFC /* ForecastViewController.swift in Sources */,
				C0F1537F20ADE32000E62A0B /* AttractionTableViewController.swift in Sources */,
				C064AD6D20A14737005C7489 /* RatingControl.swift in Sources */,
			);
			runOnlyForDeploymentPostprocessing = 0;
		};
/* End PBXSourcesBuildPhase section */

/* Begin PBXVariantGroup section */
		C013F7682092D36B001A9956 /* Main.storyboard */ = {
			isa = PBXVariantGroup;
			children = (
				C013F7692092D36B001A9956 /* Base */,
			);
			name = Main.storyboard;
			sourceTree = "<group>";
		};
		C013F7702092D36C001A9956 /* LaunchScreen.storyboard */ = {
			isa = PBXVariantGroup;
			children = (
				C013F7712092D36C001A9956 /* Base */,
			);
			name = LaunchScreen.storyboard;
			sourceTree = "<group>";
		};
/* End PBXVariantGroup section */

/* Begin XCBuildConfiguration section */
		C013F7742092D36C001A9956 /* Debug */ = {
			isa = XCBuildConfiguration;
			buildSettings = {
				ALWAYS_SEARCH_USER_PATHS = NO;
				CLANG_ANALYZER_NONNULL = YES;
				CLANG_ANALYZER_NUMBER_OBJECT_CONVERSION = YES_AGGRESSIVE;
				CLANG_CXX_LANGUAGE_STANDARD = "gnu++14";
				CLANG_CXX_LIBRARY = "libc++";
				CLANG_ENABLE_MODULES = YES;
				CLANG_ENABLE_OBJC_ARC = YES;
				CLANG_ENABLE_OBJC_WEAK = YES;
				CLANG_WARN_BLOCK_CAPTURE_AUTORELEASING = YES;
				CLANG_WARN_BOOL_CONVERSION = YES;
				CLANG_WARN_COMMA = YES;
				CLANG_WARN_CONSTANT_CONVERSION = YES;
				CLANG_WARN_DEPRECATED_OBJC_IMPLEMENTATIONS = YES;
				CLANG_WARN_DIRECT_OBJC_ISA_USAGE = YES_ERROR;
				CLANG_WARN_DOCUMENTATION_COMMENTS = YES;
				CLANG_WARN_EMPTY_BODY = YES;
				CLANG_WARN_ENUM_CONVERSION = YES;
				CLANG_WARN_INFINITE_RECURSION = YES;
				CLANG_WARN_INT_CONVERSION = YES;
				CLANG_WARN_NON_LITERAL_NULL_CONVERSION = YES;
				CLANG_WARN_OBJC_IMPLICIT_RETAIN_SELF = YES;
				CLANG_WARN_OBJC_LITERAL_CONVERSION = YES;
				CLANG_WARN_OBJC_ROOT_CLASS = YES_ERROR;
				CLANG_WARN_RANGE_LOOP_ANALYSIS = YES;
				CLANG_WARN_STRICT_PROTOTYPES = YES;
				CLANG_WARN_SUSPICIOUS_MOVE = YES;
				CLANG_WARN_UNGUARDED_AVAILABILITY = YES_AGGRESSIVE;
				CLANG_WARN_UNREACHABLE_CODE = YES;
				CLANG_WARN__DUPLICATE_METHOD_MATCH = YES;
				CODE_SIGN_IDENTITY = "iPhone Developer";
				COPY_PHASE_STRIP = NO;
				DEBUG_INFORMATION_FORMAT = dwarf;
				ENABLE_STRICT_OBJC_MSGSEND = YES;
				ENABLE_TESTABILITY = YES;
				GCC_C_LANGUAGE_STANDARD = gnu11;
				GCC_DYNAMIC_NO_PIC = NO;
				GCC_NO_COMMON_BLOCKS = YES;
				GCC_OPTIMIZATION_LEVEL = 0;
				GCC_PREPROCESSOR_DEFINITIONS = (
					"DEBUG=1",
					"$(inherited)",
				);
				GCC_WARN_64_TO_32_BIT_CONVERSION = YES;
				GCC_WARN_ABOUT_RETURN_TYPE = YES_ERROR;
				GCC_WARN_UNDECLARED_SELECTOR = YES;
				GCC_WARN_UNINITIALIZED_AUTOS = YES_AGGRESSIVE;
				GCC_WARN_UNUSED_FUNCTION = YES;
				GCC_WARN_UNUSED_VARIABLE = YES;
				IPHONEOS_DEPLOYMENT_TARGET = 11.3;
				MTL_ENABLE_DEBUG_INFO = YES;
				ONLY_ACTIVE_ARCH = YES;
				SDKROOT = iphoneos;
				SWIFT_ACTIVE_COMPILATION_CONDITIONS = DEBUG;
				SWIFT_OPTIMIZATION_LEVEL = "-Onone";
			};
			name = Debug;
		};
		C013F7752092D36C001A9956 /* Release */ = {
			isa = XCBuildConfiguration;
			buildSettings = {
				ALWAYS_SEARCH_USER_PATHS = NO;
				CLANG_ANALYZER_NONNULL = YES;
				CLANG_ANALYZER_NUMBER_OBJECT_CONVERSION = YES_AGGRESSIVE;
				CLANG_CXX_LANGUAGE_STANDARD = "gnu++14";
				CLANG_CXX_LIBRARY = "libc++";
				CLANG_ENABLE_MODULES = YES;
				CLANG_ENABLE_OBJC_ARC = YES;
				CLANG_ENABLE_OBJC_WEAK = YES;
				CLANG_WARN_BLOCK_CAPTURE_AUTORELEASING = YES;
				CLANG_WARN_BOOL_CONVERSION = YES;
				CLANG_WARN_COMMA = YES;
				CLANG_WARN_CONSTANT_CONVERSION = YES;
				CLANG_WARN_DEPRECATED_OBJC_IMPLEMENTATIONS = YES;
				CLANG_WARN_DIRECT_OBJC_ISA_USAGE = YES_ERROR;
				CLANG_WARN_DOCUMENTATION_COMMENTS = YES;
				CLANG_WARN_EMPTY_BODY = YES;
				CLANG_WARN_ENUM_CONVERSION = YES;
				CLANG_WARN_INFINITE_RECURSION = YES;
				CLANG_WARN_INT_CONVERSION = YES;
				CLANG_WARN_NON_LITERAL_NULL_CONVERSION = YES;
				CLANG_WARN_OBJC_IMPLICIT_RETAIN_SELF = YES;
				CLANG_WARN_OBJC_LITERAL_CONVERSION = YES;
				CLANG_WARN_OBJC_ROOT_CLASS = YES_ERROR;
				CLANG_WARN_RANGE_LOOP_ANALYSIS = YES;
				CLANG_WARN_STRICT_PROTOTYPES = YES;
				CLANG_WARN_SUSPICIOUS_MOVE = YES;
				CLANG_WARN_UNGUARDED_AVAILABILITY = YES_AGGRESSIVE;
				CLANG_WARN_UNREACHABLE_CODE = YES;
				CLANG_WARN__DUPLICATE_METHOD_MATCH = YES;
				CODE_SIGN_IDENTITY = "iPhone Developer";
				COPY_PHASE_STRIP = NO;
				DEBUG_INFORMATION_FORMAT = "dwarf-with-dsym";
				ENABLE_NS_ASSERTIONS = NO;
				ENABLE_STRICT_OBJC_MSGSEND = YES;
				GCC_C_LANGUAGE_STANDARD = gnu11;
				GCC_NO_COMMON_BLOCKS = YES;
				GCC_WARN_64_TO_32_BIT_CONVERSION = YES;
				GCC_WARN_ABOUT_RETURN_TYPE = YES_ERROR;
				GCC_WARN_UNDECLARED_SELECTOR = YES;
				GCC_WARN_UNINITIALIZED_AUTOS = YES_AGGRESSIVE;
				GCC_WARN_UNUSED_FUNCTION = YES;
				GCC_WARN_UNUSED_VARIABLE = YES;
				IPHONEOS_DEPLOYMENT_TARGET = 11.3;
				MTL_ENABLE_DEBUG_INFO = NO;
				SDKROOT = iphoneos;
				SWIFT_COMPILATION_MODE = wholemodule;
				SWIFT_OPTIMIZATION_LEVEL = "-O";
				VALIDATE_PRODUCT = YES;
			};
			name = Release;
		};
		C013F7772092D36C001A9956 /* Debug */ = {
			isa = XCBuildConfiguration;
			baseConfigurationReference = 20250D11481E05A5FC6D59C5 /* Pods-TravelApp.debug.xcconfig */;
			buildSettings = {
				ASSETCATALOG_COMPILER_APPICON_NAME = AppIcon;
				CODE_SIGN_STYLE = Automatic;
				INFOPLIST_FILE = TravelApp/Info.plist;
				LD_RUNPATH_SEARCH_PATHS = (
					"$(inherited)",
					"@executable_path/Frameworks",
				);
				PRODUCT_BUNDLE_IDENTIFIER = "Thanh-Doi.TravelApp";
				PRODUCT_NAME = "$(TARGET_NAME)";
				SWIFT_VERSION = 4.0;
				TARGETED_DEVICE_FAMILY = "1,2";
			};
			name = Debug;
		};
		C013F7782092D36C001A9956 /* Release */ = {
			isa = XCBuildConfiguration;
			baseConfigurationReference = 65BEB6BBC901E94E539CF356 /* Pods-TravelApp.release.xcconfig */;
			buildSettings = {
				ASSETCATALOG_COMPILER_APPICON_NAME = AppIcon;
				CODE_SIGN_STYLE = Automatic;
				INFOPLIST_FILE = TravelApp/Info.plist;
				LD_RUNPATH_SEARCH_PATHS = (
					"$(inherited)",
					"@executable_path/Frameworks",
				);
				PRODUCT_BUNDLE_IDENTIFIER = "Thanh-Doi.TravelApp";
				PRODUCT_NAME = "$(TARGET_NAME)";
				SWIFT_VERSION = 4.0;
				TARGETED_DEVICE_FAMILY = "1,2";
			};
			name = Release;
		};
/* End XCBuildConfiguration section */

/* Begin XCConfigurationList section */
		C013F75C2092D36B001A9956 /* Build configuration list for PBXProject "TravelApp" */ = {
			isa = XCConfigurationList;
			buildConfigurations = (
				C013F7742092D36C001A9956 /* Debug */,
				C013F7752092D36C001A9956 /* Release */,
			);
			defaultConfigurationIsVisible = 0;
			defaultConfigurationName = Release;
		};
		C013F7762092D36C001A9956 /* Build configuration list for PBXNativeTarget "TravelApp" */ = {
			isa = XCConfigurationList;
			buildConfigurations = (
				C013F7772092D36C001A9956 /* Debug */,
				C013F7782092D36C001A9956 /* Release */,
			);
			defaultConfigurationIsVisible = 0;
			defaultConfigurationName = Release;
		};
/* End XCConfigurationList section */

/* Begin XCVersionGroup section */
		C013F76B2092D36B001A9956 /* TravelApp.xcdatamodeld */ = {
			isa = XCVersionGroup;
			children = (
				C013F76C2092D36B001A9956 /* TravelApp.xcdatamodel */,
			);
			currentVersion = C013F76C2092D36B001A9956 /* TravelApp.xcdatamodel */;
			path = TravelApp.xcdatamodeld;
			sourceTree = "<group>";
			versionGroupType = wrapper.xcdatamodel;
		};
/* End XCVersionGroup section */
	};
	rootObject = C013F7592092D36B001A9956 /* Project object */;
}
